
Microsoft Visual Studio Solution File, Format Version 12.00
# Visual Studio Version 17
VisualStudioVersion = 17.11.35222.181
MinimumVisualStudioVersion = 10.0.40219.1
Project("{FAE04EC0-301F-11D3-BF4B-00C04F79EFBC}") = "ЛР5(1)", "ЛР5(1).csproj", "{84FA177E-82BE-45B6-BF64-1EA2757BED77}"
EndProject
Global
	GlobalSection(SolutionConfigurationPlatforms) = preSolution
		Debug|Any CPU = Debug|Any CPU
		Release|Any CPU = Release|Any CPU
	EndGlobalSection
	GlobalSection(ProjectConfigurationPlatforms) = postSolution
		{84FA177E-82BE-45B6-BF64-1EA2757BED77}.Debug|Any CPU.ActiveCfg = Debug|Any CPU
		{84FA177E-82BE-45B6-BF64-1EA2757BED77}.Debug|Any CPU.Build.0 = Debug|Any CPU
		{84FA177E-82BE-45B6-BF64-1EA2757BED77}.Release|Any CPU.ActiveCfg = Release|Any CPU
		{84FA177E-82BE-45B6-BF64-1EA2757BED77}.Release|Any CPU.Build.0 = Release|Any CPU
	EndGlobalSection
	GlobalSection(SolutionProperties) = preSolution
		HideSolutionNode = FALSE
	EndGlobalSection
	GlobalSection(ExtensibilityGlobals) = postSolution
		SolutionGuid = {661F2805-0D87-43F0-A40E-95A41D70F212}
	EndGlobalSection
EndGlobal
